
Microsoft Visual Studio Solution File, Format Version 12.00
# Visual Studio Version 17
VisualStudioVersion = 17.7.34009.444
MinimumVisualStudioVersion = 10.0.40219.1
Project("{FAE04EC0-301F-11D3-BF4B-00C04F79EFBC}") = "BattleBit-Remastered-RCS", "BattleBit-Remastered-RCS.csproj", "{7F6BBFB0-95D1-446D-B763-302D26A709EF}"
EndProject
Global
	GlobalSection(SolutionConfigurationPlatforms) = preSolution
		Debug|Any CPU = Debug|Any CPU
		Release|Any CPU = Release|Any CPU
	EndGlobalSection
	GlobalSection(ProjectConfigurationPlatforms) = postSolution
		{7F6BBFB0-95D1-446D-B763-302D26A709EF}.Debug|Any CPU.ActiveCfg = Debug|Any CPU
		{7F6BBFB0-95D1-446D-B763-302D26A709EF}.Debug|Any CPU.Build.0 = Debug|Any CPU
		{7F6BBFB0-95D1-446D-B763-302D26A709EF}.Release|Any CPU.ActiveCfg = Release|Any CPU
		{7F6BBFB0-95D1-446D-B763-302D26A709EF}.Release|Any CPU.Build.0 = Release|Any CPU
	EndGlobalSection
	GlobalSection(SolutionProperties) = preSolution
		HideSolutionNode = FALSE
	EndGlobalSection
	GlobalSection(ExtensibilityGlobals) = postSolution
		SolutionGuid = {ED9A3A1A-BE35-409A-8679-1484FF8C7231}
	EndGlobalSection
EndGlobal
